{
  "version": 4,
  "terraform_version": "1.14.8",
  "serial": 21,
  "lineage": "99d669f0-b654-b370-0727-173d6749ed44",
  "outputs": {
    "url": {
      "value": "https://quest-alb-794288304.us-east-2.elb.amazonaws.com",
      "type": "string"
    }
  },
  "resources": [
    {
      "mode": "data",
      "type": "aws_availability_zones",
      "name": "available",
      "provider": "provider[\"registry.terraform.io/hashicorp/aws\"]",
      "instances": [
        {
          "schema_version": 0,
          "attributes": {
            "all_availability_zones": null,
            "exclude_names": null,
            "exclude_zone_ids": null,
            "filter": null,
            "group_names": [
              "us-east-2-zg-1"
            ],
            "id": "us-east-2",
            "names": [
              "us-east-2a",
              "us-east-2b",
              "us-east-2c"
            ],
            "state": "available",
            "timeouts": null,
            "zone_ids": [
              "use2-az1",
              "use2-az2",
              "use2-az3"
            ]
          },
          "sensitive_attributes": [],
          "identity_schema_version": 0
        }
      ]
    },
    {
      "mode": "managed",
      "type": "aws_cloudwatch_log_group",
      "name": "quest",
      "provider": "provider[\"registry.terraform.io/hashicorp/aws\"]",
      "instances": [
        {
          "schema_version": 0,
          "attributes": {
            "arn": "arn:aws:logs:us-east-2:688369883387:log-group:/ecs/quest",
            "id": "/ecs/quest",
            "kms_key_id": "",
            "log_group_class": "STANDARD",
            "name": "/ecs/quest",
            "name_prefix": "",
            "retention_in_days": 7,
            "skip_destroy": false,
            "tags": null,
            "tags_all": {}
          },
          "sensitive_attributes": [],
          "identity_schema_version": 0,
          "private": "bnVsbA=="
        }
      ]
    },
    {
      "mode": "managed",
      "type": "aws_ecs_cluster",
      "name": "main",
      "provider": "provider[\"registry.terraform.io/hashicorp/aws\"]",
      "instances": [
        {
          "schema_version": 0,
          "attributes": {
            "arn": "arn:aws:ecs:us-east-2:688369883387:cluster/quest",
            "configuration": [],
            "id": "arn:aws:ecs:us-east-2:688369883387:cluster/quest",
            "name": "quest",
            "service_connect_defaults": [],
            "setting": [
              {
                "name": "containerInsights",
                "value": "disabled"
              }
            ],
            "tags": null,
            "tags_all": {}
          },
          "sensitive_attributes": [],
          "identity_schema_version": 0,
          "private": "bnVsbA=="
        }
      ]
    },
    {
      "mode": "managed",
      "type": "aws_ecs_task_definition",
      "name": "quest",
      "provider": "provider[\"registry.terraform.io/hashicorp/aws\"]",
      "instances": [
        {
          "schema_version": 1,
          "attributes": {
            "arn": "arn:aws:ecs:us-east-2:688369883387:task-definition/quest:1",
            "arn_without_revision": "arn:aws:ecs:us-east-2:688369883387:task-definition/quest",
            "container_definitions": "[{\"environment\":[{\"name\":\"SECRET_WORD\",\"value\":\"You don't seem to be running in AWS or GCP or Azure\"}],\"essential\":true,\"image\":\"charlesragen/quest:latest\",\"logConfiguration\":{\"logDriver\":\"awslogs\",\"options\":{\"awslogs-group\":\"/ecs/quest\",\"awslogs-region\":\"us-east-2\",\"awslogs-stream-prefix\":\"ecs\"}},\"mountPoints\":[],\"name\":\"quest\",\"portMappings\":[{\"containerPort\":3000,\"hostPort\":3000,\"protocol\":\"tcp\"}],\"systemControls\":[],\"volumesFrom\":[]}]",
            "cpu": "256",
            "enable_fault_injection": false,
            "ephemeral_storage": [],
            "execution_role_arn": "arn:aws:iam::688369883387:role/quest-ecs-execution-role",
            "family": "quest",
            "id": "quest",
            "inference_accelerator": [],
            "ipc_mode": "",
            "memory": "512",
            "network_mode": "awsvpc",
            "pid_mode": "",
            "placement_constraints": [],
            "proxy_configuration": [],
            "requires_compatibilities": [
              "FARGATE"
            ],
            "revision": 1,
            "runtime_platform": [],
            "skip_destroy": false,
            "tags": null,
            "tags_all": {},
            "task_role_arn": "",
            "track_latest": false,
            "volume": []
          },
          "sensitive_attributes": [],
          "identity_schema_version": 0,
          "private": "eyJzY2hlbWFfdmVyc2lvbiI6IjEifQ==",
          "dependencies": [
            "aws_iam_role.ecs_task_execution"
          ]
        }
      ]
    },
    {
      "mode": "managed",
      "type": "aws_iam_role",
      "name": "ecs_task_execution",
      "provider": "provider[\"registry.terraform.io/hashicorp/aws\"]",
      "instances": [
        {
          "schema_version": 0,
          "attributes": {
            "arn": "arn:aws:iam::688369883387:role/quest-ecs-execution-role",
            "assume_role_policy": "{\"Statement\":[{\"Action\":\"sts:AssumeRole\",\"Effect\":\"Allow\",\"Principal\":{\"Service\":\"ecs-tasks.amazonaws.com\"}}],\"Version\":\"2012-10-17\"}",
            "create_date": "2026-04-10T22:25:13Z",
            "description": "",
            "force_detach_policies": false,
            "id": "quest-ecs-execution-role",
            "inline_policy": [],
            "managed_policy_arns": [],
            "max_session_duration": 3600,
            "name": "quest-ecs-execution-role",
            "name_prefix": "",
            "path": "/",
            "permissions_boundary": "",
            "tags": null,
            "tags_all": {},
            "unique_id": "AROA2ARQK3D5QZ2TEC4C2"
          },
          "sensitive_attributes": [],
          "identity_schema_version": 0,
          "private": "bnVsbA=="
        }
      ]
    },
    {
      "mode": "managed",
      "type": "aws_iam_role_policy_attachment",
      "name": "ecs_task_execution",
      "provider": "provider[\"registry.terraform.io/hashicorp/aws\"]",
      "instances": [
        {
          "schema_version": 0,
          "attributes": {
            "id": "quest-ecs-execution-role-20260410222514572200000001",
            "policy_arn": "arn:aws:iam::aws:policy/service-role/AmazonECSTaskExecutionRolePolicy",
            "role": "quest-ecs-execution-role"
          },
          "sensitive_attributes": [],
          "identity_schema_version": 0,
          "private": "bnVsbA==",
          "dependencies": [
            "aws_iam_role.ecs_task_execution"
          ]
        }
      ]
    },
    {
      "mode": "managed",
      "type": "aws_internet_gateway",
      "name": "main",
      "provider": "provider[\"registry.terraform.io/hashicorp/aws\"]",
      "instances": [
        {
          "schema_version": 0,
          "attributes": {
            "arn": "arn:aws:ec2:us-east-2:688369883387:internet-gateway/igw-0688a07932540792e",
            "id": "igw-0688a07932540792e",
            "owner_id": "688369883387",
            "tags": {
              "Name": "quest-igw"
            },
            "tags_all": {
              "Name": "quest-igw"
            },
            "timeouts": null,
            "vpc_id": "vpc-086b623700bcf4a2f"
          },
          "sensitive_attributes": [],
          "identity_schema_version": 0,
          "private": "eyJlMmJmYjczMC1lY2FhLTExZTYtOGY4OC0zNDM2M2JjN2M0YzAiOnsiY3JlYXRlIjoxMjAwMDAwMDAwMDAwLCJkZWxldGUiOjEyMDAwMDAwMDAwMDAsInVwZGF0ZSI6MTIwMDAwMDAwMDAwMH19",
          "dependencies": [
            "aws_vpc.main"
          ]
        }
      ]
    },
    {
      "mode": "managed",
      "type": "aws_lb",
      "name": "main",
      "provider": "provider[\"registry.terraform.io/hashicorp/aws\"]",
      "instances": [
        {
          "schema_version": 0,
          "attributes": {
            "access_logs": [
              {
                "bucket": "",
                "enabled": false,
                "prefix": ""
              }
            ],
            "arn": "arn:aws:elasticloadbalancing:us-east-2:688369883387:loadbalancer/app/quest-alb/d9946934f8f0ceeb",
            "arn_suffix": "app/quest-alb/d9946934f8f0ceeb",
            "client_keep_alive": 3600,
            "connection_logs": [
              {
                "bucket": "",
                "enabled": false,
                "prefix": ""
              }
            ],
            "customer_owned_ipv4_pool": "",
            "desync_mitigation_mode": "defensive",
            "dns_name": "quest-alb-794288304.us-east-2.elb.amazonaws.com",
            "dns_record_client_routing_policy": null,
            "drop_invalid_header_fields": false,
            "enable_cross_zone_load_balancing": true,
            "enable_deletion_protection": false,
            "enable_http2": true,
            "enable_tls_version_and_cipher_suite_headers": false,
            "enable_waf_fail_open": false,
            "enable_xff_client_port": false,
            "enable_zonal_shift": false,
            "enforce_security_group_inbound_rules_on_private_link_traffic": "",
            "id": "arn:aws:elasticloadbalancing:us-east-2:688369883387:loadbalancer/app/quest-alb/d9946934f8f0ceeb",
            "idle_timeout": 60,
            "internal": false,
            "ip_address_type": "ipv4",
            "ipam_pools": [],
            "load_balancer_type": "application",
            "minimum_load_balancer_capacity": [],
            "name": "quest-alb",
            "name_prefix": "",
            "preserve_host_header": false,
            "security_groups": [
              "sg-030fe4c85d5e50ee0"
            ],
            "subnet_mapping": [
              {
                "allocation_id": "",
                "ipv6_address": "",
                "outpost_id": "",
                "private_ipv4_address": "",
                "subnet_id": "subnet-0056517b4adcdba28"
              },
              {
                "allocation_id": "",
                "ipv6_address": "",
                "outpost_id": "",
                "private_ipv4_address": "",
                "subnet_id": "subnet-0cf1e107dcc886c38"
              }
            ],
            "subnets": [
              "subnet-0056517b4adcdba28",
              "subnet-0cf1e107dcc886c38"
            ],
            "tags": {
              "Name": "quest-alb"
            },
            "tags_all": {
              "Name": "quest-alb"
            },
            "timeouts": null,
            "vpc_id": "vpc-086b623700bcf4a2f",
            "xff_header_processing_mode": "append",
            "zone_id": "Z3AADJGX6KTTL2"
          },
          "sensitive_attributes": [],
          "identity_schema_version": 0,
          "private": "eyJlMmJmYjczMC1lY2FhLTExZTYtOGY4OC0zNDM2M2JjN2M0YzAiOnsiY3JlYXRlIjo2MDAwMDAwMDAwMDAsImRlbGV0ZSI6NjAwMDAwMDAwMDAwLCJ1cGRhdGUiOjYwMDAwMDAwMDAwMH19",
          "dependencies": [
            "aws_security_group.alb",
            "aws_subnet.public",
            "aws_vpc.main",
            "data.aws_availability_zones.available"
          ]
        }
      ]
    },
    {
      "mode": "managed",
      "type": "aws_lb_listener",
      "name": "http",
      "provider": "provider[\"registry.terraform.io/hashicorp/aws\"]",
      "instances": [
        {
          "schema_version": 0,
          "attributes": {
            "alpn_policy": null,
            "arn": "arn:aws:elasticloadbalancing:us-east-2:688369883387:listener/app/quest-alb/d9946934f8f0ceeb/7a5b588f1ca6b52e",
            "certificate_arn": null,
            "default_action": [
              {
                "authenticate_cognito": [],
                "authenticate_oidc": [],
                "fixed_response": [],
                "forward": [],
                "order": 1,
                "redirect": [
                  {
                    "host": "#{host}",
                    "path": "/#{path}",
                    "port": "443",
                    "protocol": "HTTPS",
                    "query": "#{query}",
                    "status_code": "HTTP_301"
                  }
                ],
                "target_group_arn": "",
                "type": "redirect"
              }
            ],
            "id": "arn:aws:elasticloadbalancing:us-east-2:688369883387:listener/app/quest-alb/d9946934f8f0ceeb/7a5b588f1ca6b52e",
            "load_balancer_arn": "arn:aws:elasticloadbalancing:us-east-2:688369883387:loadbalancer/app/quest-alb/d9946934f8f0ceeb",
            "mutual_authentication": [],
            "port": 80,
            "protocol": "HTTP",
            "routing_http_request_x_amzn_mtls_clientcert_header_name": null,
            "routing_http_request_x_amzn_mtls_clientcert_issuer_header_name": null,
            "routing_http_request_x_amzn_mtls_clientcert_leaf_header_name": null,
            "routing_http_request_x_amzn_mtls_clientcert_serial_number_header_name": null,
            "routing_http_request_x_amzn_mtls_clientcert_subject_header_name": null,
            "routing_http_request_x_amzn_mtls_clientcert_validity_header_name": null,
            "routing_http_request_x_amzn_tls_cipher_suite_header_name": null,
            "routing_http_request_x_amzn_tls_version_header_name": null,
            "routing_http_response_access_control_allow_credentials_header_value": "",
            "routing_http_response_access_control_allow_headers_header_value": "",
            "routing_http_response_access_control_allow_methods_header_value": "",
            "routing_http_response_access_control_allow_origin_header_value": "",
            "routing_http_response_access_control_expose_headers_header_value": "",
            "routing_http_response_access_control_max_age_header_value": "",
            "routing_http_response_content_security_policy_header_value": "",
            "routing_http_response_server_enabled": true,
            "routing_http_response_strict_transport_security_header_value": "",
            "routing_http_response_x_content_type_options_header_value": "",
            "routing_http_response_x_frame_options_header_value": "",
            "ssl_policy": "",
            "tags": null,
            "tags_all": {},
            "tcp_idle_timeout_seconds": null,
            "timeouts": null
          },
          "sensitive_attributes": [],
          "identity_schema_version": 0,
          "private": "eyJlMmJmYjczMC1lY2FhLTExZTYtOGY4OC0zNDM2M2JjN2M0YzAiOnsiY3JlYXRlIjozMDAwMDAwMDAwMDAsInVwZGF0ZSI6MzAwMDAwMDAwMDAwfX0=",
          "dependencies": [
            "aws_lb.main",
            "aws_security_group.alb",
            "aws_subnet.public",
            "aws_vpc.main",
            "data.aws_availability_zones.available"
          ]
        }
      ]
    },
    {
      "mode": "managed",
      "type": "aws_lb_target_group",
      "name": "main",
      "provider": "provider[\"registry.terraform.io/hashicorp/aws\"]",
      "instances": [
        {
          "schema_version": 0,
          "attributes": {
            "arn": "arn:aws:elasticloadbalancing:us-east-2:688369883387:targetgroup/quest-tg/55557e5f63ac5dc5",
            "arn_suffix": "targetgroup/quest-tg/55557e5f63ac5dc5",
            "connection_termination": null,
            "deregistration_delay": "300",
            "health_check": [
              {
                "enabled": true,
                "healthy_threshold": 2,
                "interval": 30,
                "matcher": "200",
                "path": "/",
                "port": "traffic-port",
                "protocol": "HTTP",
                "timeout": 5,
                "unhealthy_threshold": 3
              }
            ],
            "id": "arn:aws:elasticloadbalancing:us-east-2:688369883387:targetgroup/quest-tg/55557e5f63ac5dc5",
            "ip_address_type": "ipv4",
            "lambda_multi_value_headers_enabled": false,
            "load_balancer_arns": [],
            "load_balancing_algorithm_type": "round_robin",
            "load_balancing_anomaly_mitigation": "off",
            "load_balancing_cross_zone_enabled": "use_load_balancer_configuration",
            "name": "quest-tg",
            "name_prefix": "",
            "port": 3000,
            "preserve_client_ip": null,
            "protocol": "HTTP",
            "protocol_version": "HTTP1",
            "proxy_protocol_v2": false,
            "slow_start": 0,
            "stickiness": [
              {
                "cookie_duration": 86400,
                "cookie_name": "",
                "enabled": false,
                "type": "lb_cookie"
              }
            ],
            "tags": null,
            "tags_all": {},
            "target_failover": [
              {
                "on_deregistration": null,
                "on_unhealthy": null
              }
            ],
            "target_group_health": [
              {
                "dns_failover": [
                  {
                    "minimum_healthy_targets_count": "1",
                    "minimum_healthy_targets_percentage": "off"
                  }
                ],
                "unhealthy_state_routing": [
                  {
                    "minimum_healthy_targets_count": 1,
                    "minimum_healthy_targets_percentage": "off"
                  }
                ]
              }
            ],
            "target_health_state": [
              {
                "enable_unhealthy_connection_termination": null,
                "unhealthy_draining_interval": null
              }
            ],
            "target_type": "ip",
            "vpc_id": "vpc-086b623700bcf4a2f"
          },
          "sensitive_attributes": [],
          "identity_schema_version": 0,
          "private": "bnVsbA==",
          "dependencies": [
            "aws_vpc.main"
          ]
        }
      ]
    },
    {
      "mode": "managed",
      "type": "aws_route_table",
      "name": "public",
      "provider": "provider[\"registry.terraform.io/hashicorp/aws\"]",
      "instances": [
        {
          "schema_version": 0,
          "attributes": {
            "arn": "arn:aws:ec2:us-east-2:688369883387:route-table/rtb-037d7e3e2ce43eadd",
            "id": "rtb-037d7e3e2ce43eadd",
            "owner_id": "688369883387",
            "propagating_vgws": [],
            "route": [
              {
                "carrier_gateway_id": "",
                "cidr_block": "0.0.0.0/0",
                "core_network_arn": "",
                "destination_prefix_list_id": "",
                "egress_only_gateway_id": "",
                "gateway_id": "igw-0688a07932540792e",
                "ipv6_cidr_block": "",
                "local_gateway_id": "",
                "nat_gateway_id": "",
                "network_interface_id": "",
                "transit_gateway_id": "",
                "vpc_endpoint_id": "",
                "vpc_peering_connection_id": ""
              }
            ],
            "tags": {
              "Name": "quest-rt"
            },
            "tags_all": {
              "Name": "quest-rt"
            },
            "timeouts": null,
            "vpc_id": "vpc-086b623700bcf4a2f"
          },
          "sensitive_attributes": [],
          "identity_schema_version": 0,
          "private": "eyJlMmJmYjczMC1lY2FhLTExZTYtOGY4OC0zNDM2M2JjN2M0YzAiOnsiY3JlYXRlIjozMDAwMDAwMDAwMDAsImRlbGV0ZSI6MzAwMDAwMDAwMDAwLCJ1cGRhdGUiOjEyMDAwMDAwMDAwMH19",
          "dependencies": [
            "aws_internet_gateway.main",
            "aws_vpc.main"
          ]
        }
      ]
    },
    {
      "mode": "managed",
      "type": "aws_route_table_association",
      "name": "public",
      "provider": "provider[\"registry.terraform.io/hashicorp/aws\"]",
      "instances": [
        {
          "index_key": 0,
          "schema_version": 0,
          "attributes": {
            "gateway_id": "",
            "id": "rtbassoc-0d430ad9d641a0ba6",
            "route_table_id": "rtb-037d7e3e2ce43eadd",
            "subnet_id": "subnet-0cf1e107dcc886c38",
            "timeouts": null
          },
          "sensitive_attributes": [],
          "identity_schema_version": 0,
          "private": "eyJlMmJmYjczMC1lY2FhLTExZTYtOGY4OC0zNDM2M2JjN2M0YzAiOnsiY3JlYXRlIjozMDAwMDAwMDAwMDAsImRlbGV0ZSI6MzAwMDAwMDAwMDAwLCJ1cGRhdGUiOjEyMDAwMDAwMDAwMH19",
          "dependencies": [
            "aws_internet_gateway.main",
            "aws_route_table.public",
            "aws_subnet.public",
            "aws_vpc.main",
            "data.aws_availability_zones.available"
          ]
        },
        {
          "index_key": 1,
          "schema_version": 0,
          "attributes": {
            "gateway_id": "",
            "id": "rtbassoc-0d1abea25646abb54",
            "route_table_id": "rtb-037d7e3e2ce43eadd",
            "subnet_id": "subnet-0056517b4adcdba28",
            "timeouts": null
          },
          "sensitive_attributes": [],
          "identity_schema_version": 0,
          "private": "eyJlMmJmYjczMC1lY2FhLTExZTYtOGY4OC0zNDM2M2JjN2M0YzAiOnsiY3JlYXRlIjozMDAwMDAwMDAwMDAsImRlbGV0ZSI6MzAwMDAwMDAwMDAwLCJ1cGRhdGUiOjEyMDAwMDAwMDAwMH19",
          "dependencies": [
            "aws_internet_gateway.main",
            "aws_route_table.public",
            "aws_subnet.public",
            "aws_vpc.main",
            "data.aws_availability_zones.available"
          ]
        }
      ]
    },
    {
      "mode": "managed",
      "type": "aws_security_group",
      "name": "alb",
      "provider": "provider[\"registry.terraform.io/hashicorp/aws\"]",
      "instances": [
        {
          "schema_version": 1,
          "attributes": {
            "arn": "arn:aws:ec2:us-east-2:688369883387:security-group/sg-030fe4c85d5e50ee0",
            "description": "Managed by Terraform",
            "egress": [
              {
                "cidr_blocks": [
                  "0.0.0.0/0"
                ],
                "description": "",
                "from_port": 0,
                "ipv6_cidr_blocks": [],
                "prefix_list_ids": [],
                "protocol": "-1",
                "security_groups": [],
                "self": false,
                "to_port": 0
              }
            ],
            "id": "sg-030fe4c85d5e50ee0",
            "ingress": [
              {
                "cidr_blocks": [
                  "0.0.0.0/0"
                ],
                "description": "",
                "from_port": 443,
                "ipv6_cidr_blocks": [],
                "prefix_list_ids": [],
                "protocol": "tcp",
                "security_groups": [],
                "self": false,
                "to_port": 443
              },
              {
                "cidr_blocks": [
                  "0.0.0.0/0"
                ],
                "description": "",
                "from_port": 80,
                "ipv6_cidr_blocks": [],
                "prefix_list_ids": [],
                "protocol": "tcp",
                "security_groups": [],
                "self": false,
                "to_port": 80
              }
            ],
            "name": "quest-alb-sg",
            "name_prefix": "",
            "owner_id": "688369883387",
            "revoke_rules_on_delete": false,
            "tags": {
              "Name": "quest-alb-sg"
            },
            "tags_all": {
              "Name": "quest-alb-sg"
            },
            "timeouts": null,
            "vpc_id": "vpc-086b623700bcf4a2f"
          },
          "sensitive_attributes": [],
          "identity_schema_version": 0,
          "private": "eyJlMmJmYjczMC1lY2FhLTExZTYtOGY4OC0zNDM2M2JjN2M0YzAiOnsiY3JlYXRlIjo2MDAwMDAwMDAwMDAsImRlbGV0ZSI6OTAwMDAwMDAwMDAwfSwic2NoZW1hX3ZlcnNpb24iOiIxIn0=",
          "dependencies": [
            "aws_vpc.main"
          ]
        }
      ]
    },
    {
      "mode": "managed",
      "type": "aws_security_group",
      "name": "ecs",
      "provider": "provider[\"registry.terraform.io/hashicorp/aws\"]",
      "instances": [
        {
          "schema_version": 1,
          "attributes": {
            "arn": "arn:aws:ec2:us-east-2:688369883387:security-group/sg-05e011f01efb436b4",
            "description": "Managed by Terraform",
            "egress": [
              {
                "cidr_blocks": [
                  "0.0.0.0/0"
                ],
                "description": "",
                "from_port": 0,
                "ipv6_cidr_blocks": [],
                "prefix_list_ids": [],
                "protocol": "-1",
                "security_groups": [],
                "self": false,
                "to_port": 0
              }
            ],
            "id": "sg-05e011f01efb436b4",
            "ingress": [
              {
                "cidr_blocks": [],
                "description": "",
                "from_port": 3000,
                "ipv6_cidr_blocks": [],
                "prefix_list_ids": [],
                "protocol": "tcp",
                "security_groups": [
                  "sg-030fe4c85d5e50ee0"
                ],
                "self": false,
                "to_port": 3000
              }
            ],
            "name": "quest-ecs-sg",
            "name_prefix": "",
            "owner_id": "688369883387",
            "revoke_rules_on_delete": false,
            "tags": {
              "Name": "quest-ecs-sg"
            },
            "tags_all": {
              "Name": "quest-ecs-sg"
            },
            "timeouts": null,
            "vpc_id": "vpc-086b623700bcf4a2f"
          },
          "sensitive_attributes": [],
          "identity_schema_version": 0,
          "private": "eyJlMmJmYjczMC1lY2FhLTExZTYtOGY4OC0zNDM2M2JjN2M0YzAiOnsiY3JlYXRlIjo2MDAwMDAwMDAwMDAsImRlbGV0ZSI6OTAwMDAwMDAwMDAwfSwic2NoZW1hX3ZlcnNpb24iOiIxIn0=",
          "dependencies": [
            "aws_security_group.alb",
            "aws_vpc.main"
          ]
        }
      ]
    },
    {
      "mode": "managed",
      "type": "aws_subnet",
      "name": "public",
      "provider": "provider[\"registry.terraform.io/hashicorp/aws\"]",
      "instances": [
        {
          "index_key": 0,
          "schema_version": 1,
          "attributes": {
            "arn": "arn:aws:ec2:us-east-2:688369883387:subnet/subnet-0cf1e107dcc886c38",
            "assign_ipv6_address_on_creation": false,
            "availability_zone": "us-east-2a",
            "availability_zone_id": "use2-az1",
            "cidr_block": "10.0.0.0/24",
            "customer_owned_ipv4_pool": "",
            "enable_dns64": false,
            "enable_lni_at_device_index": 0,
            "enable_resource_name_dns_a_record_on_launch": false,
            "enable_resource_name_dns_aaaa_record_on_launch": false,
            "id": "subnet-0cf1e107dcc886c38",
            "ipv6_cidr_block": "",
            "ipv6_cidr_block_association_id": "",
            "ipv6_native": false,
            "map_customer_owned_ip_on_launch": false,
            "map_public_ip_on_launch": true,
            "outpost_arn": "",
            "owner_id": "688369883387",
            "private_dns_hostname_type_on_launch": "ip-name",
            "tags": {
              "Name": "quest-public-0"
            },
            "tags_all": {
              "Name": "quest-public-0"
            },
            "timeouts": null,
            "vpc_id": "vpc-086b623700bcf4a2f"
          },
          "sensitive_attributes": [],
          "identity_schema_version": 0,
          "private": "eyJlMmJmYjczMC1lY2FhLTExZTYtOGY4OC0zNDM2M2JjN2M0YzAiOnsiY3JlYXRlIjo2MDAwMDAwMDAwMDAsImRlbGV0ZSI6MTIwMDAwMDAwMDAwMH0sInNjaGVtYV92ZXJzaW9uIjoiMSJ9",
          "dependencies": [
            "aws_vpc.main",
            "data.aws_availability_zones.available"
          ]
        },
        {
          "index_key": 1,
          "schema_version": 1,
          "attributes": {
            "arn": "arn:aws:ec2:us-east-2:688369883387:subnet/subnet-0056517b4adcdba28",
            "assign_ipv6_address_on_creation": false,
            "availability_zone": "us-east-2b",
            "availability_zone_id": "use2-az2",
            "cidr_block": "10.0.1.0/24",
            "customer_owned_ipv4_pool": "",
            "enable_dns64": false,
            "enable_lni_at_device_index": 0,
            "enable_resource_name_dns_a_record_on_launch": false,
            "enable_resource_name_dns_aaaa_record_on_launch": false,
            "id": "subnet-0056517b4adcdba28",
            "ipv6_cidr_block": "",
            "ipv6_cidr_block_association_id": "",
            "ipv6_native": false,
            "map_customer_owned_ip_on_launch": false,
            "map_public_ip_on_launch": true,
            "outpost_arn": "",
            "owner_id": "688369883387",
            "private_dns_hostname_type_on_launch": "ip-name",
            "tags": {
              "Name": "quest-public-1"
            },
            "tags_all": {
              "Name": "quest-public-1"
            },
            "timeouts": null,
            "vpc_id": "vpc-086b623700bcf4a2f"
          },
          "sensitive_attributes": [],
          "identity_schema_version": 0,
          "private": "eyJlMmJmYjczMC1lY2FhLTExZTYtOGY4OC0zNDM2M2JjN2M0YzAiOnsiY3JlYXRlIjo2MDAwMDAwMDAwMDAsImRlbGV0ZSI6MTIwMDAwMDAwMDAwMH0sInNjaGVtYV92ZXJzaW9uIjoiMSJ9",
          "dependencies": [
            "aws_vpc.main",
            "data.aws_availability_zones.available"
          ]
        }
      ]
    },
    {
      "mode": "managed",
      "type": "aws_vpc",
      "name": "main",
      "provider": "provider[\"registry.terraform.io/hashicorp/aws\"]",
      "instances": [
        {
          "schema_version": 1,
          "attributes": {
            "arn": "arn:aws:ec2:us-east-2:688369883387:vpc/vpc-086b623700bcf4a2f",
            "assign_generated_ipv6_cidr_block": false,
            "cidr_block": "10.0.0.0/16",
            "default_network_acl_id": "acl-00671fa1a68ab9554",
            "default_route_table_id": "rtb-0bc56dd8c867e8613",
            "default_security_group_id": "sg-078799dda3d791386",
            "dhcp_options_id": "dopt-03a75a7cf687c055f",
            "enable_dns_hostnames": true,
            "enable_dns_support": true,
            "enable_network_address_usage_metrics": false,
            "id": "vpc-086b623700bcf4a2f",
            "instance_tenancy": "default",
            "ipv4_ipam_pool_id": null,
            "ipv4_netmask_length": null,
            "ipv6_association_id": "",
            "ipv6_cidr_block": "",
            "ipv6_cidr_block_network_border_group": "",
            "ipv6_ipam_pool_id": "",
            "ipv6_netmask_length": 0,
            "main_route_table_id": "rtb-0bc56dd8c867e8613",
            "owner_id": "688369883387",
            "tags": {
              "Name": "quest-vpc"
            },
            "tags_all": {
              "Name": "quest-vpc"
            }
          },
          "sensitive_attributes": [],
          "identity_schema_version": 0,
          "private": "eyJzY2hlbWFfdmVyc2lvbiI6IjEifQ=="
        }
      ]
    },
    {
      "mode": "managed",
      "type": "tls_private_key",
      "name": "cert",
      "provider": "provider[\"registry.terraform.io/hashicorp/tls\"]",
      "instances": [
        {
          "schema_version": 1,
          "attributes": {
            "algorithm": "RSA",
            "ecdsa_curve": "P224",
            "id": "4e9cbfaa94313d2f2375b6e1268fe76cb9b210a9",
            "private_key_openssh": "-----BEGIN OPENSSH PRIVATE KEY-----\nb3BlbnNzaC1rZXktdjEAAAAABG5vbmUAAAAEbm9uZQAAAAAAAAABAAABFwAAAAdz\nc2gtcnNhAAAAAwEAAQAAAQEAtrkJKf39qm5pHY53Tx3XkMvTEUpmfb2JzQg21sIC\nastluzBgqjKfRVG83Ftdewd5GXbYpUlf2NhmKoIM3kxBA32pWsqTiv+OXl1zc//S\nA4YdU90GgIN2ecdf7phSIi/mkoE8ixB4KxxizOQySGoQhbZFru3IOPR1rvKwzD7V\np8FDD3cgoXGMjb1w9eTiDKRFdFJdVgnF/q+Sucf8rgqvULeRTGKLsxnXckXb1Csl\nnRxXx2V/YM/T1ca3oCUFPVxk06qFLIEDktY9ASgTn4hDWeTeS2X5aEAFL5NPM8u3\nwWtHvw8iReqL+1pIqIw8/R3Gf4VKD9YqeMggv3j+yFAAnQAAA7iIY5RiiGOUYgAA\nAAdzc2gtcnNhAAABAQC2uQkp/f2qbmkdjndPHdeQy9MRSmZ9vYnNCDbWwgJqy2W7\nMGCqMp9FUbzcW117B3kZdtilSV/Y2GYqggzeTEEDfalaypOK/45eXXNz/9IDhh1T\n3QaAg3Z5x1/umFIiL+aSgTyLEHgrHGLM5DJIahCFtkWu7cg49HWu8rDMPtWnwUMP\ndyChcYyNvXD15OIMpEV0Ul1WCcX+r5K5x/yuCq9Qt5FMYouzGddyRdvUKyWdHFfH\nZX9gz9PVxregJQU9XGTTqoUsgQOS1j0BKBOfiENZ5N5LZfloQAUvk08zy7fBa0e/\nDyJF6ov7WkiojDz9HcZ/hUoP1ip4yCC/eP7IUACdAAAAAwEAAQAAAQABMZZEKvZ4\n2P3OhXtQoEm2Fpfv+WiZJNZGVw5lzQ5hjswKDk61pMq7k+nWX0Qk7lP+6rv9BQON\nJBuhCy1QWC3BsfBSlM42zq4FkKeVJbREPnvpIsYV9SFVcOeSP+Q2Cvbsy4Xqchar\ndNvfzoHWKLM6E0ExABRjfksQPRjJuoNbqwwCDEdqskqu4M4shzIZRC7oi0Gh442q\nBxEf/WyK4Xhg1UBqVR4DvHWxF3Dh9+7NA7FId8vfc/2KgTRa/jVOq/bA1eZYZq+q\nUtJByzIWZzZaPIRNvZ4Qn3nR86gQfLTtqoOO04Hk/g/Wlr6VbjkztrCZbHNH2ror\nKawbO4gjrl81AAAAgEXFYR/NE9b4+HH+rXE7J/R8sn0nnRrBfWPgb6u2Y1wO8noi\nifrvvpiP6APSaku7CxQ0f9E6ulG2pTyN53m6tYWR+od7FSGuyTrGK4/MIYNKQVl3\nhwjoh2TCWDvXfgN915FVewaIeU3+WXwD3u7D13CEOzPqzMWxdt+OTrtmxIJBAAAA\ngQDfEmdaueZT48zV4bAV2B7qw0r2y6fFE4p1pB3bw1kxIm2/2D1Ja+Xk6AV+80z9\n0qxKKM24CvMb0uCRG44O5BlVfqS2zos+YbOHNz/hCpZSPfVA2lC04lN3lyZJlcb5\nhEkNuOIi1I9zMLzP8Ymr7avVdCBgbRgP73sktldNNlb5IwAAAIEA0bHkcbI++MEj\nUDk6URjDF80IfbAG3229fq8s7ZGYDdg8mcDKFJTSOo9h8qD/3Oj6mGoZJ7Wc6hzD\nIIGE7iKEaEmc+X6SN7uQjZ2lTN/ZUQW4SEvNYDnVkRkfiZa5U3+qrWRwY66KsN/2\ni6iaqS+gkF44gDe1SrFfMEiOzqf2Gz8AAAAAAQID\n-----END OPENSSH PRIVATE KEY-----\n",
            "private_key_pem": "-----BEGIN RSA PRIVATE KEY-----\nMIIEowIBAAKCAQEAtrkJKf39qm5pHY53Tx3XkMvTEUpmfb2JzQg21sICastluzBg\nqjKfRVG83Ftdewd5GXbYpUlf2NhmKoIM3kxBA32pWsqTiv+OXl1zc//SA4YdU90G\ngIN2ecdf7phSIi/mkoE8ixB4KxxizOQySGoQhbZFru3IOPR1rvKwzD7Vp8FDD3cg\noXGMjb1w9eTiDKRFdFJdVgnF/q+Sucf8rgqvULeRTGKLsxnXckXb1CslnRxXx2V/\nYM/T1ca3oCUFPVxk06qFLIEDktY9ASgTn4hDWeTeS2X5aEAFL5NPM8u3wWtHvw8i\nReqL+1pIqIw8/R3Gf4VKD9YqeMggv3j+yFAAnQIDAQABAoIBAAExlkQq9njY/c6F\ne1CgSbYWl+/5aJkk1kZXDmXNDmGOzAoOTrWkyruT6dZfRCTuU/7qu/0FA40kG6EL\nLVBYLcGx8FKUzjbOrgWQp5UltEQ+e+kixhX1IVVw55I/5DYK9uzLhepyFqt029/O\ngdYoszoTQTEAFGN+SxA9GMm6g1urDAIMR2qySq7gziyHMhlELuiLQaHjjaoHER/9\nbIrheGDVQGpVHgO8dbEXcOH37s0DsUh3y99z/YqBNFr+NU6r9sDV5lhmr6pS0kHL\nMhZnNlo8hE29nhCfedHzqBB8tO2qg47TgeT+D9aWvpVuOTO2sJlsc0fauisprBs7\niCOuXzUCgYEA3xJnWrnmU+PM1eGwFdge6sNK9sunxROKdaQd28NZMSJtv9g9SWvl\n5OgFfvNM/dKsSijNuArzG9LgkRuODuQZVX6kts6LPmGzhzc/4QqWUj31QNpQtOJT\nd5cmSZXG+YRJDbjiItSPczC8z/GJq+2r1XQgYG0YD+97JLZXTTZW+SMCgYEA0bHk\ncbI++MEjUDk6URjDF80IfbAG3229fq8s7ZGYDdg8mcDKFJTSOo9h8qD/3Oj6mGoZ\nJ7Wc6hzDIIGE7iKEaEmc+X6SN7uQjZ2lTN/ZUQW4SEvNYDnVkRkfiZa5U3+qrWRw\nY66KsN/2i6iaqS+gkF44gDe1SrFfMEiOzqf2Gz8CgYBp19miesKG23e9pDBgrQM+\ncRuIrmkUYYk4+H4SYEZZwfRBKuEpjUCvtEenTNojNWr6ZRH3WXqwoQZc06478o7y\nufx9oNMA7mq4pcZxiQx6SVutQek5aoogHF/WWnLmwZXIJQlnbWQDTATKxdiE82it\nB0S1fA4GwaK0cLBLupTZ8QKBgQC1pZcRkmmQTKZNgTVuOLgPbxIS5qAdfc+v5QlT\nRlLkc1OTkPi8uWofRkN/zU23TK5/xzDBQEaMWpwBFZFUQ9xVBqePTMBWvQjsVAp0\nPFjhIcZQAjIHUDIbvhqesk0Z8raj+ySMhQ8pRukoc8Z+Fn7NcIEbOKa37Exb5A6p\nH8BGOwKBgEXFYR/NE9b4+HH+rXE7J/R8sn0nnRrBfWPgb6u2Y1wO8noiifrvvpiP\n6APSaku7CxQ0f9E6ulG2pTyN53m6tYWR+od7FSGuyTrGK4/MIYNKQVl3hwjoh2TC\nWDvXfgN915FVewaIeU3+WXwD3u7D13CEOzPqzMWxdt+OTrtmxIJB\n-----END RSA PRIVATE KEY-----\n",
            "private_key_pem_pkcs8": "-----BEGIN PRIVATE KEY-----\nMIIEvQIBADANBgkqhkiG9w0BAQEFAASCBKcwggSjAgEAAoIBAQC2uQkp/f2qbmkd\njndPHdeQy9MRSmZ9vYnNCDbWwgJqy2W7MGCqMp9FUbzcW117B3kZdtilSV/Y2GYq\nggzeTEEDfalaypOK/45eXXNz/9IDhh1T3QaAg3Z5x1/umFIiL+aSgTyLEHgrHGLM\n5DJIahCFtkWu7cg49HWu8rDMPtWnwUMPdyChcYyNvXD15OIMpEV0Ul1WCcX+r5K5\nx/yuCq9Qt5FMYouzGddyRdvUKyWdHFfHZX9gz9PVxregJQU9XGTTqoUsgQOS1j0B\nKBOfiENZ5N5LZfloQAUvk08zy7fBa0e/DyJF6ov7WkiojDz9HcZ/hUoP1ip4yCC/\neP7IUACdAgMBAAECggEAATGWRCr2eNj9zoV7UKBJthaX7/lomSTWRlcOZc0OYY7M\nCg5OtaTKu5Pp1l9EJO5T/uq7/QUDjSQboQstUFgtwbHwUpTONs6uBZCnlSW0RD57\n6SLGFfUhVXDnkj/kNgr27MuF6nIWq3Tb386B1iizOhNBMQAUY35LED0YybqDW6sM\nAgxHarJKruDOLIcyGUQu6ItBoeONqgcRH/1siuF4YNVAalUeA7x1sRdw4ffuzQOx\nSHfL33P9ioE0Wv41Tqv2wNXmWGavqlLSQcsyFmc2WjyETb2eEJ950fOoEHy07aqD\njtOB5P4P1pa+lW45M7awmWxzR9q6KymsGzuII65fNQKBgQDfEmdaueZT48zV4bAV\n2B7qw0r2y6fFE4p1pB3bw1kxIm2/2D1Ja+Xk6AV+80z90qxKKM24CvMb0uCRG44O\n5BlVfqS2zos+YbOHNz/hCpZSPfVA2lC04lN3lyZJlcb5hEkNuOIi1I9zMLzP8Ymr\n7avVdCBgbRgP73sktldNNlb5IwKBgQDRseRxsj74wSNQOTpRGMMXzQh9sAbfbb1+\nryztkZgN2DyZwMoUlNI6j2HyoP/c6PqYahkntZzqHMMggYTuIoRoSZz5fpI3u5CN\nnaVM39lRBbhIS81gOdWRGR+JlrlTf6qtZHBjroqw3/aLqJqpL6CQXjiAN7VKsV8w\nSI7Op/YbPwKBgGnX2aJ6wobbd72kMGCtAz5xG4iuaRRhiTj4fhJgRlnB9EEq4SmN\nQK+0R6dM2iM1avplEfdZerChBlzTrjvyjvK5/H2g0wDuarilxnGJDHpJW61B6Tlq\niiAcX9ZacubBlcglCWdtZANMBMrF2ITzaK0HRLV8DgbBorRwsEu6lNnxAoGBALWl\nlxGSaZBMpk2BNW44uA9vEhLmoB19z6/lCVNGUuRzU5OQ+Ly5ah9GQ3/NTbdMrn/H\nMMFARoxanAEVkVRD3FUGp49MwFa9COxUCnQ8WOEhxlACMgdQMhu+Gp6yTRnytqP7\nJIyFDylG6Shzxn4Wfs1wgRs4prfsTFvkDqkfwEY7AoGARcVhH80T1vj4cf6tcTsn\n9HyyfSedGsF9Y+Bvq7ZjXA7yeiKJ+u++mI/oA9JqS7sLFDR/0Tq6UbalPI3nebq1\nhZH6h3sVIa7JOsYrj8whg0pBWXeHCOiHZMJYO9d+A33XkVV7Boh5Tf5ZfAPe7sPX\ncIQ7M+rMxbF2345Ou2bEgkE=\n-----END PRIVATE KEY-----\n",
            "public_key_fingerprint_md5": "a8:cb:a5:44:d2:26:c3:5d:cb:48:d8:36:06:af:72:d1",
            "public_key_fingerprint_sha256": "SHA256:iqZKQziJXgD1zyoRQmlbyO0spL4fY2aVkXaQzfLS7bY",
            "public_key_openssh": "ssh-rsa AAAAB3NzaC1yc2EAAAADAQABAAABAQC2uQkp/f2qbmkdjndPHdeQy9MRSmZ9vYnNCDbWwgJqy2W7MGCqMp9FUbzcW117B3kZdtilSV/Y2GYqggzeTEEDfalaypOK/45eXXNz/9IDhh1T3QaAg3Z5x1/umFIiL+aSgTyLEHgrHGLM5DJIahCFtkWu7cg49HWu8rDMPtWnwUMPdyChcYyNvXD15OIMpEV0Ul1WCcX+r5K5x/yuCq9Qt5FMYouzGddyRdvUKyWdHFfHZX9gz9PVxregJQU9XGTTqoUsgQOS1j0BKBOfiENZ5N5LZfloQAUvk08zy7fBa0e/DyJF6ov7WkiojDz9HcZ/hUoP1ip4yCC/eP7IUACd\n",
            "public_key_pem": "-----BEGIN PUBLIC KEY-----\nMIIBIjANBgkqhkiG9w0BAQEFAAOCAQ8AMIIBCgKCAQEAtrkJKf39qm5pHY53Tx3X\nkMvTEUpmfb2JzQg21sICastluzBgqjKfRVG83Ftdewd5GXbYpUlf2NhmKoIM3kxB\nA32pWsqTiv+OXl1zc//SA4YdU90GgIN2ecdf7phSIi/mkoE8ixB4KxxizOQySGoQ\nhbZFru3IOPR1rvKwzD7Vp8FDD3cgoXGMjb1w9eTiDKRFdFJdVgnF/q+Sucf8rgqv\nULeRTGKLsxnXckXb1CslnRxXx2V/YM/T1ca3oCUFPVxk06qFLIEDktY9ASgTn4hD\nWeTeS2X5aEAFL5NPM8u3wWtHvw8iReqL+1pIqIw8/R3Gf4VKD9YqeMggv3j+yFAA\nnQIDAQAB\n-----END PUBLIC KEY-----\n",
            "rsa_bits": 2048
          },
          "sensitive_attributes": [
            [
              {
                "type": "get_attr",
                "value": "private_key_openssh"
              }
            ],
            [
              {
                "type": "get_attr",
                "value": "private_key_pem"
              }
            ],
            [
              {
                "type": "get_attr",
                "value": "private_key_pem_pkcs8"
              }
            ]
          ],
          "identity_schema_version": 0
        }
      ]
    },
    {
      "mode": "managed",
      "type": "tls_self_signed_cert",
      "name": "cert",
      "provider": "provider[\"registry.terraform.io/hashicorp/tls\"]",
      "instances": [
        {
          "schema_version": 0,
          "attributes": {
            "allowed_uses": [
              "key_encipherment",
              "digital_signature",
              "server_auth"
            ],
            "cert_pem": "-----BEGIN CERTIFICATE-----\nMIIDETCCAfmgAwIBAgIQDUihs9gazL2WlI/iTbvTQTANBgkqhkiG9w0BAQsFADAp\nMQ4wDAYDVQQKEwVRdWVzdDEXMBUGA1UEAxMOcXVlc3QuaW50ZXJuYWwwHhcNMjYw\nNDEwMjIyNTE0WhcNMjcwNDEwMjIyNTE0WjApMQ4wDAYDVQQKEwVRdWVzdDEXMBUG\nA1UEAxMOcXVlc3QuaW50ZXJuYWwwggEiMA0GCSqGSIb3DQEBAQUAA4IBDwAwggEK\nAoIBAQC2uQkp/f2qbmkdjndPHdeQy9MRSmZ9vYnNCDbWwgJqy2W7MGCqMp9FUbzc\nW117B3kZdtilSV/Y2GYqggzeTEEDfalaypOK/45eXXNz/9IDhh1T3QaAg3Z5x1/u\nmFIiL+aSgTyLEHgrHGLM5DJIahCFtkWu7cg49HWu8rDMPtWnwUMPdyChcYyNvXD1\n5OIMpEV0Ul1WCcX+r5K5x/yuCq9Qt5FMYouzGddyRdvUKyWdHFfHZX9gz9PVxreg\nJQU9XGTTqoUsgQOS1j0BKBOfiENZ5N5LZfloQAUvk08zy7fBa0e/DyJF6ov7Wkio\njDz9HcZ/hUoP1ip4yCC/eP7IUACdAgMBAAGjNTAzMA4GA1UdDwEB/wQEAwIFoDAT\nBgNVHSUEDDAKBggrBgEFBQcDATAMBgNVHRMBAf8EAjAAMA0GCSqGSIb3DQEBCwUA\nA4IBAQClbUICZo4OI5obVYOOiOlB3Hdkc/mpzpF93L1BETV0B0Cdhty3lrMei9dk\nFw+Dxsl3lEQuyz865YmYBqeOiGDw7WLHpwH+7UrFvphpdVS1t+91UiCoQZi/v1xQ\n0oXrynmTdwvXShKqoLMJqluaBXUYN7rujnlLUNTssas8TTvgtGMEiNh3Xy/C7fTM\n9dBoTN1DaR+KYhc6W4EVKMoo8KVtXrM861I4SMDrko787AvGnNmcn8KYJLbiQ37q\nOSK4CAvz4PyNOErjpaSjIJW9CE5D+OTL8YVxZBtQkouczPZcNqTzCibguK2OsdVg\nTBpS+X6DiJd1S6bUyYjOL3MjNGZL\n-----END CERTIFICATE-----\n",
            "dns_names": null,
            "early_renewal_hours": 0,
            "id": "17657089035686852962026478417368306497",
            "ip_addresses": null,
            "is_ca_certificate": false,
            "key_algorithm": "RSA",
            "max_path_length": null,
            "private_key_pem": "-----BEGIN RSA PRIVATE KEY-----\nMIIEowIBAAKCAQEAtrkJKf39qm5pHY53Tx3XkMvTEUpmfb2JzQg21sICastluzBg\nqjKfRVG83Ftdewd5GXbYpUlf2NhmKoIM3kxBA32pWsqTiv+OXl1zc//SA4YdU90G\ngIN2ecdf7phSIi/mkoE8ixB4KxxizOQySGoQhbZFru3IOPR1rvKwzD7Vp8FDD3cg\noXGMjb1w9eTiDKRFdFJdVgnF/q+Sucf8rgqvULeRTGKLsxnXckXb1CslnRxXx2V/\nYM/T1ca3oCUFPVxk06qFLIEDktY9ASgTn4hDWeTeS2X5aEAFL5NPM8u3wWtHvw8i\nReqL+1pIqIw8/R3Gf4VKD9YqeMggv3j+yFAAnQIDAQABAoIBAAExlkQq9njY/c6F\ne1CgSbYWl+/5aJkk1kZXDmXNDmGOzAoOTrWkyruT6dZfRCTuU/7qu/0FA40kG6EL\nLVBYLcGx8FKUzjbOrgWQp5UltEQ+e+kixhX1IVVw55I/5DYK9uzLhepyFqt029/O\ngdYoszoTQTEAFGN+SxA9GMm6g1urDAIMR2qySq7gziyHMhlELuiLQaHjjaoHER/9\nbIrheGDVQGpVHgO8dbEXcOH37s0DsUh3y99z/YqBNFr+NU6r9sDV5lhmr6pS0kHL\nMhZnNlo8hE29nhCfedHzqBB8tO2qg47TgeT+D9aWvpVuOTO2sJlsc0fauisprBs7\niCOuXzUCgYEA3xJnWrnmU+PM1eGwFdge6sNK9sunxROKdaQd28NZMSJtv9g9SWvl\n5OgFfvNM/dKsSijNuArzG9LgkRuODuQZVX6kts6LPmGzhzc/4QqWUj31QNpQtOJT\nd5cmSZXG+YRJDbjiItSPczC8z/GJq+2r1XQgYG0YD+97JLZXTTZW+SMCgYEA0bHk\ncbI++MEjUDk6URjDF80IfbAG3229fq8s7ZGYDdg8mcDKFJTSOo9h8qD/3Oj6mGoZ\nJ7Wc6hzDIIGE7iKEaEmc+X6SN7uQjZ2lTN/ZUQW4SEvNYDnVkRkfiZa5U3+qrWRw\nY66KsN/2i6iaqS+gkF44gDe1SrFfMEiOzqf2Gz8CgYBp19miesKG23e9pDBgrQM+\ncRuIrmkUYYk4+H4SYEZZwfRBKuEpjUCvtEenTNojNWr6ZRH3WXqwoQZc06478o7y\nufx9oNMA7mq4pcZxiQx6SVutQek5aoogHF/WWnLmwZXIJQlnbWQDTATKxdiE82it\nB0S1fA4GwaK0cLBLupTZ8QKBgQC1pZcRkmmQTKZNgTVuOLgPbxIS5qAdfc+v5QlT\nRlLkc1OTkPi8uWofRkN/zU23TK5/xzDBQEaMWpwBFZFUQ9xVBqePTMBWvQjsVAp0\nPFjhIcZQAjIHUDIbvhqesk0Z8raj+ySMhQ8pRukoc8Z+Fn7NcIEbOKa37Exb5A6p\nH8BGOwKBgEXFYR/NE9b4+HH+rXE7J/R8sn0nnRrBfWPgb6u2Y1wO8noiifrvvpiP\n6APSaku7CxQ0f9E6ulG2pTyN53m6tYWR+od7FSGuyTrGK4/MIYNKQVl3hwjoh2TC\nWDvXfgN915FVewaIeU3+WXwD3u7D13CEOzPqzMWxdt+OTrtmxIJB\n-----END RSA PRIVATE KEY-----\n",
            "ready_for_renewal": false,
            "set_authority_key_id": false,
            "set_subject_key_id": false,
            "subject": [
              {
                "common_name": "quest.internal",
                "country": null,
                "email_address": null,
                "locality": null,
                "organization": "Quest",
                "organizational_unit": null,
                "postal_code": null,
                "province": null,
                "serial_number": null,
                "street_address": null
              }
            ],
            "uris": null,
            "validity_end_time": "2027-04-10T18:25:14.2688793-04:00",
            "validity_period_hours": 8760,
            "validity_start_time": "2026-04-10T18:25:14.2688793-04:00"
          },
          "sensitive_attributes": [
            [
              {
                "type": "get_attr",
                "value": "private_key_pem"
              }
            ]
          ],
          "identity_schema_version": 0,
          "dependencies": [
            "tls_private_key.cert"
          ]
        }
      ]
    }
  ],
  "check_results": null
}
